# THIS IS AN AUTOGENERATED FILE. DO NOT EDIT THIS FILE DIRECTLY.
# yarn lockfile v1


"@phenax/pattern-lock-js@^0.1.0":
  version "0.1.0"
  resolved "https://registry.yarnpkg.com/@phenax/pattern-lock-js/-/pattern-lock-js-0.1.0.tgz#226df80c6b2c8fbac022277f7195bdb92ae211ec"
  integrity sha512-+imQyjf8noRyfbSn2R1QsuljArQeZ3R8Fxj1IUUmR6cvQIsBsQAFuDk4CUxAdwd8CM947Cnm2mqoIMyZrsZoaA==
  dependencies:
    babel-plugin-transform-object-rest-spread "^6.26.0"
    nanoevents "^1.0.5"

babel-plugin-syntax-object-rest-spread@^6.8.0:
  version "6.13.0"
  resolved "https://registry.yarnpkg.com/babel-plugin-syntax-object-rest-spread/-/babel-plugin-syntax-object-rest-spread-6.13.0.tgz#fd6536f2bce13836ffa3a5458c4903a597bb3bf5"
  integrity sha1-/WU28rzhODb/o6VFjEkDpZe7O/U=

babel-plugin-transform-object-rest-spread@^6.26.0:
  version "6.26.0"
  resolved "https://registry.yarnpkg.com/babel-plugin-transform-object-rest-spread/-/babel-plugin-transform-object-rest-spread-6.26.0.tgz#0f36692d50fef6b7e2d4b3ac1478137a963b7b06"
  integrity sha1-DzZpLVD+9rfi1LOsFHgTepY7ewY=
  dependencies:
    babel-plugin-syntax-object-rest-spread "^6.8.0"
    babel-runtime "^6.26.0"

babel-runtime@^6.26.0:
  version "6.26.0"
  resolved "https://registry.yarnpkg.com/babel-runtime/-/babel-runtime-6.26.0.tgz#965c7058668e82b55d7bfe04ff2337bc8b5647fe"
  integrity sha1-llxwWGaOgrVde/4E/yM3vItWR/4=
  dependencies:
    core-js "^2.4.0"
    regenerator-runtime "^0.11.0"

core-js@^2.4.0:
  version "2.6.12"
  resolved "https://registry.yarnpkg.com/core-js/-/core-js-2.6.12.tgz#d9333dfa7b065e347cc5682219d6f690859cc2ec"
  integrity sha512-Kb2wC0fvsWfQrgk8HU5lW6U/Lcs8+9aaYcy4ZFc6DDlo4nZ7n70dEgE5rtR0oG6ufKDUnrwfWL1mXR5ljDatrQ==

nanoevents@^1.0.5:
  version "1.0.8"
  resolved "https://registry.yarnpkg.com/nanoevents/-/nanoevents-1.0.8.tgz#e96e256898cb04994a567153e20d62e3819a0391"
  integrity sha512-ocw0BZNSEQfHYvAQinL71loxZcrDoDs3kOWYvF3vQHlvI0RTkP36L+JL1hqcen4sXljqAuD7xYl8tcaRWKMRNQ==

regenerator-runtime@^0.11.0:
  version "0.11.1"
  resolved "https://registry.yarnpkg.com/regenerator-runtime/-/regenerator-runtime-0.11.1.tgz#be05ad7f9bf7d22e056f9726cee5017fbf19e2e9"
  integrity sha512-MguG95oij0fC3QV3URf4V2SDYGJhJnJGqvIIgdECeODCT98wSWDAJ94SSuVpYQUoTcGUIL6L4yNB7j1DFFHSBg==
